
Microsoft Visual Studio Solution File, Format Version 12.00
# Visual Studio Version 17
VisualStudioVersion = 17.7.34009.444
MinimumVisualStudioVersion = 10.0.40219.1
Project("{9A19103F-16F7-4668-BE54-9A1E7A4F7556}") = "Transactions.Info.Extra.API", "Transactions.Info.Extra.API\Transactions.Info.Extra.API.csproj", "{774B187F-162D-4618-AB8F-185628F8BF06}"
EndProject
Project("{9A19103F-16F7-4668-BE54-9A1E7A4F7556}") = "Transactions.Info.Infrastructure", "Transactions.Info.Infrastructure\Transactions.Info.Infrastructure.csproj", "{D16071C7-33E6-4C18-B960-056445D0C93C}"
EndProject
Project("{9A19103F-16F7-4668-BE54-9A1E7A4F7556}") = "Transactions.Info.Core", "Transactions.Info.Core\Transactions.Info.Core.csproj", "{BDDCFA67-3738-4076-B025-0F6821AEBF37}"
EndProject
Project("{9A19103F-16F7-4668-BE54-9A1E7A4F7556}") = "Transactions.Info.Web", "Transactions.Info.Web\Transactions.Info.Web.csproj", "{57D8CE4E-5E45-4DFE-B5B4-9E5166578A0F}"
EndProject
Project("{FAE04EC0-301F-11D3-BF4B-00C04F79EFBC}") = "Transaction.Info.Test", "Transaction.Info.Test\Transaction.Info.Test.csproj", "{BCE6DF7C-C701-47F9-94A2-C637E16A1E63}"
EndProject
Global
	GlobalSection(SolutionConfigurationPlatforms) = preSolution
		Debug|Any CPU = Debug|Any CPU
		Release|Any CPU = Release|Any CPU
	EndGlobalSection
	GlobalSection(ProjectConfigurationPlatforms) = postSolution
		{774B187F-162D-4618-AB8F-185628F8BF06}.Debug|Any CPU.ActiveCfg = Debug|Any CPU
		{774B187F-162D-4618-AB8F-185628F8BF06}.Debug|Any CPU.Build.0 = Debug|Any CPU
		{774B187F-162D-4618-AB8F-185628F8BF06}.Release|Any CPU.ActiveCfg = Release|Any CPU
		{774B187F-162D-4618-AB8F-185628F8BF06}.Release|Any CPU.Build.0 = Release|Any CPU
		{D16071C7-33E6-4C18-B960-056445D0C93C}.Debug|Any CPU.ActiveCfg = Debug|Any CPU
		{D16071C7-33E6-4C18-B960-056445D0C93C}.Debug|Any CPU.Build.0 = Debug|Any CPU
		{D16071C7-33E6-4C18-B960-056445D0C93C}.Release|Any CPU.ActiveCfg = Release|Any CPU
		{D16071C7-33E6-4C18-B960-056445D0C93C}.Release|Any CPU.Build.0 = Release|Any CPU
		{BDDCFA67-3738-4076-B025-0F6821AEBF37}.Debug|Any CPU.ActiveCfg = Debug|Any CPU
		{BDDCFA67-3738-4076-B025-0F6821AEBF37}.Debug|Any CPU.Build.0 = Debug|Any CPU
		{BDDCFA67-3738-4076-B025-0F6821AEBF37}.Release|Any CPU.ActiveCfg = Release|Any CPU
		{BDDCFA67-3738-4076-B025-0F6821AEBF37}.Release|Any CPU.Build.0 = Release|Any CPU
		{57D8CE4E-5E45-4DFE-B5B4-9E5166578A0F}.Debug|Any CPU.ActiveCfg = Debug|Any CPU
		{57D8CE4E-5E45-4DFE-B5B4-9E5166578A0F}.Debug|Any CPU.Build.0 = Debug|Any CPU
		{57D8CE4E-5E45-4DFE-B5B4-9E5166578A0F}.Release|Any CPU.ActiveCfg = Release|Any CPU
		{57D8CE4E-5E45-4DFE-B5B4-9E5166578A0F}.Release|Any CPU.Build.0 = Release|Any CPU
		{BCE6DF7C-C701-47F9-94A2-C637E16A1E63}.Debug|Any CPU.ActiveCfg = Debug|Any CPU
		{BCE6DF7C-C701-47F9-94A2-C637E16A1E63}.Debug|Any CPU.Build.0 = Debug|Any CPU
		{BCE6DF7C-C701-47F9-94A2-C637E16A1E63}.Release|Any CPU.ActiveCfg = Release|Any CPU
		{BCE6DF7C-C701-47F9-94A2-C637E16A1E63}.Release|Any CPU.Build.0 = Release|Any CPU
	EndGlobalSection
	GlobalSection(SolutionProperties) = preSolution
		HideSolutionNode = FALSE
	EndGlobalSection
	GlobalSection(ExtensibilityGlobals) = postSolution
		SolutionGuid = {262BCFEA-C27D-43D1-8B81-A878F9665137}
	EndGlobalSection
EndGlobal
